
Microsoft Visual Studio Solution File, Format Version 12.00
# Visual Studio 15
VisualStudioVersion = 15.0.27130.2024
MinimumVisualStudioVersion = 10.0.40219.1
Project("{FAE04EC0-301F-11D3-BF4B-00C04F79EFBC}") = "Emrys.SuperConfig", "Emrys.SuperConfig\Emrys.SuperConfig.csproj", "{13F36548-17A7-4198-808C-DDD05925EFC1}"
EndProject
Project("{FAE04EC0-301F-11D3-BF4B-00C04F79EFBC}") = "Emrys.SuperConfig.Tests", "Emrys.SuperConfig.Tests\Emrys.SuperConfig.Tests.csproj", "{6A4DA5BE-C5FB-4D56-AF00-69E0837A6993}"
EndProject
Global
	GlobalSection(SolutionConfigurationPlatforms) = preSolution
		Debug|Any CPU = Debug|Any CPU
		Release|Any CPU = Release|Any CPU
	EndGlobalSection
	GlobalSection(ProjectConfigurationPlatforms) = postSolution
		{13F36548-17A7-4198-808C-DDD05925EFC1}.Debug|Any CPU.ActiveCfg = Debug|Any CPU
		{13F36548-17A7-4198-808C-DDD05925EFC1}.Debug|Any CPU.Build.0 = Debug|Any CPU
		{13F36548-17A7-4198-808C-DDD05925EFC1}.Release|Any CPU.ActiveCfg = Release|Any CPU
		{13F36548-17A7-4198-808C-DDD05925EFC1}.Release|Any CPU.Build.0 = Release|Any CPU
		{6A4DA5BE-C5FB-4D56-AF00-69E0837A6993}.Debug|Any CPU.ActiveCfg = Debug|Any CPU
		{6A4DA5BE-C5FB-4D56-AF00-69E0837A6993}.Debug|Any CPU.Build.0 = Debug|Any CPU
		{6A4DA5BE-C5FB-4D56-AF00-69E0837A6993}.Release|Any CPU.ActiveCfg = Release|Any CPU
		{6A4DA5BE-C5FB-4D56-AF00-69E0837A6993}.Release|Any CPU.Build.0 = Release|Any CPU
	EndGlobalSection
	GlobalSection(SolutionProperties) = preSolution
		HideSolutionNode = FALSE
	EndGlobalSection
	GlobalSection(ExtensibilityGlobals) = postSolution
		SolutionGuid = {F7716BF0-C948-4898-A5CC-00029F30773B}
	EndGlobalSection
EndGlobal
